
Microsoft Visual Studio Solution File, Format Version 12.00
# Visual Studio Version 16
VisualStudioVersion = 25.0.1705.3
MinimumVisualStudioVersion = 10.0.40219.1
Project("{FAE04EC0-301F-11D3-BF4B-00C04F79EFBC}") = "String", "String\String.csproj", "{36F0B3B6-5A12-4411-923C-4EC33F6D4578}"
EndProject
Global
	GlobalSection(SolutionConfigurationPlatforms) = preSolution
		Debug|Any CPU = Debug|Any CPU
		Release|Any CPU = Release|Any CPU
	EndGlobalSection
	GlobalSection(ProjectConfigurationPlatforms) = postSolution
		{36F0B3B6-5A12-4411-923C-4EC33F6D4578}.Debug|Any CPU.ActiveCfg = Debug|Any CPU
		{36F0B3B6-5A12-4411-923C-4EC33F6D4578}.Debug|Any CPU.Build.0 = Debug|Any CPU
		{36F0B3B6-5A12-4411-923C-4EC33F6D4578}.Release|Any CPU.ActiveCfg = Release|Any CPU
		{36F0B3B6-5A12-4411-923C-4EC33F6D4578}.Release|Any CPU.Build.0 = Release|Any CPU
	EndGlobalSection
	GlobalSection(SolutionProperties) = preSolution
		HideSolutionNode = FALSE
	EndGlobalSection
	GlobalSection(ExtensibilityGlobals) = postSolution
		SolutionGuid = {61501B6C-454A-4BBD-AEF4-93269D023041}
	EndGlobalSection
EndGlobal
