
Microsoft Visual Studio Solution File, Format Version 12.00
# Visual Studio Version 16
VisualStudioVersion = 25.0.1705.3
MinimumVisualStudioVersion = 10.0.40219.1
Project("{FAE04EC0-301F-11D3-BF4B-00C04F79EFBC}") = "OOP", "OOP\OOP.csproj", "{D7B68276-D09D-40D7-AEC8-373EDC78956F}"
EndProject
Global
	GlobalSection(SolutionConfigurationPlatforms) = preSolution
		Debug|Any CPU = Debug|Any CPU
		Release|Any CPU = Release|Any CPU
	EndGlobalSection
	GlobalSection(ProjectConfigurationPlatforms) = postSolution
		{D7B68276-D09D-40D7-AEC8-373EDC78956F}.Debug|Any CPU.ActiveCfg = Debug|Any CPU
		{D7B68276-D09D-40D7-AEC8-373EDC78956F}.Debug|Any CPU.Build.0 = Debug|Any CPU
		{D7B68276-D09D-40D7-AEC8-373EDC78956F}.Release|Any CPU.ActiveCfg = Release|Any CPU
		{D7B68276-D09D-40D7-AEC8-373EDC78956F}.Release|Any CPU.Build.0 = Release|Any CPU
	EndGlobalSection
	GlobalSection(SolutionProperties) = preSolution
		HideSolutionNode = FALSE
	EndGlobalSection
	GlobalSection(ExtensibilityGlobals) = postSolution
		SolutionGuid = {63F2A50E-EC21-4A00-BC1C-FE2FAC3F842E}
	EndGlobalSection
EndGlobal
